
Microsoft Visual Studio Solution File, Format Version 12.00
# Visual Studio Version 17
VisualStudioVersion = 17.9.34728.123
MinimumVisualStudioVersion = 10.0.40219.1
Project("{FAE04EC0-301F-11D3-BF4B-00C04F79EFBC}") = "Petzey.Backend.Appointment.API", "Petzey.Backend.Appointment.API\Petzey.Backend.Appointment.API.csproj", "{8C37BC7E-47E5-438A-89AB-AD1D4AB37976}"
EndProject
Project("{FAE04EC0-301F-11D3-BF4B-00C04F79EFBC}") = "Petzey.Backend.Appointment.Data", "Petzey.Backend.Appointment.Data\Petzey.Backend.Appointment.Data.csproj", "{89C8917D-80E2-4092-90E2-F30C0B802439}"
EndProject
Project("{FAE04EC0-301F-11D3-BF4B-00C04F79EFBC}") = "Petzey.Backend.Appointment.Domain", "Petzey.Backend.Appointment.Domain\Petzey.Backend.Appointment.Domain.csproj", "{CD315D33-BF60-4D05-8AC7-BFB4FAD8974E}"
EndProject
Project("{2150E333-8FDC-42A3-9474-1A3956D46DE8}") = "API Layer", "API Layer", "{E6C612AA-A747-4C1A-81F1-508ADD4520DD}"
EndProject
Project("{2150E333-8FDC-42A3-9474-1A3956D46DE8}") = "Data Layer", "Data Layer", "{CE15188E-4253-486E-B18D-339F321B7BBD}"
EndProject
Project("{2150E333-8FDC-42A3-9474-1A3956D46DE8}") = "Domain Layer", "Domain Layer", "{A0493099-4F5A-4AF5-B2EA-91E959DB2707}"
EndProject
Project("{FAE04EC0-301F-11D3-BF4B-00C04F79EFBC}") = "UnitTestForAppointmentsController", "UnitTestForAppointmentsController\UnitTestForAppointmentsController.csproj", "{D23C0309-0E2D-4604-B7A1-21A342665D84}"
EndProject
Global
	GlobalSection(SolutionConfigurationPlatforms) = preSolution
		Debug|Any CPU = Debug|Any CPU
		Release|Any CPU = Release|Any CPU
	EndGlobalSection
	GlobalSection(ProjectConfigurationPlatforms) = postSolution
		{8C37BC7E-47E5-438A-89AB-AD1D4AB37976}.Debug|Any CPU.ActiveCfg = Debug|Any CPU
		{8C37BC7E-47E5-438A-89AB-AD1D4AB37976}.Debug|Any CPU.Build.0 = Debug|Any CPU
		{8C37BC7E-47E5-438A-89AB-AD1D4AB37976}.Release|Any CPU.ActiveCfg = Release|Any CPU
		{8C37BC7E-47E5-438A-89AB-AD1D4AB37976}.Release|Any CPU.Build.0 = Release|Any CPU
		{89C8917D-80E2-4092-90E2-F30C0B802439}.Debug|Any CPU.ActiveCfg = Debug|Any CPU
		{89C8917D-80E2-4092-90E2-F30C0B802439}.Debug|Any CPU.Build.0 = Debug|Any CPU
		{89C8917D-80E2-4092-90E2-F30C0B802439}.Release|Any CPU.ActiveCfg = Release|Any CPU
		{89C8917D-80E2-4092-90E2-F30C0B802439}.Release|Any CPU.Build.0 = Release|Any CPU
		{CD315D33-BF60-4D05-8AC7-BFB4FAD8974E}.Debug|Any CPU.ActiveCfg = Debug|Any CPU
		{CD315D33-BF60-4D05-8AC7-BFB4FAD8974E}.Debug|Any CPU.Build.0 = Debug|Any CPU
		{CD315D33-BF60-4D05-8AC7-BFB4FAD8974E}.Release|Any CPU.ActiveCfg = Release|Any CPU
		{CD315D33-BF60-4D05-8AC7-BFB4FAD8974E}.Release|Any CPU.Build.0 = Release|Any CPU
		{D23C0309-0E2D-4604-B7A1-21A342665D84}.Debug|Any CPU.ActiveCfg = Debug|Any CPU
		{D23C0309-0E2D-4604-B7A1-21A342665D84}.Debug|Any CPU.Build.0 = Debug|Any CPU
		{D23C0309-0E2D-4604-B7A1-21A342665D84}.Release|Any CPU.ActiveCfg = Release|Any CPU
		{D23C0309-0E2D-4604-B7A1-21A342665D84}.Release|Any CPU.Build.0 = Release|Any CPU
	EndGlobalSection
	GlobalSection(SolutionProperties) = preSolution
		HideSolutionNode = FALSE
	EndGlobalSection
	GlobalSection(NestedProjects) = preSolution
		{8C37BC7E-47E5-438A-89AB-AD1D4AB37976} = {E6C612AA-A747-4C1A-81F1-508ADD4520DD}
		{89C8917D-80E2-4092-90E2-F30C0B802439} = {CE15188E-4253-486E-B18D-339F321B7BBD}
		{CD315D33-BF60-4D05-8AC7-BFB4FAD8974E} = {A0493099-4F5A-4AF5-B2EA-91E959DB2707}
	EndGlobalSection
	GlobalSection(ExtensibilityGlobals) = postSolution
		SolutionGuid = {E7FE4817-D5D1-427F-A451-289CFECDCF67}
	EndGlobalSection
EndGlobal
